
Microsoft Visual Studio Solution File, Format Version 12.00
# Visual Studio 2012
Project("{FAE04EC0-301F-11D3-BF4B-00C04F79EFBC}") = "HelloWorldTrial", "HelloWorldTrial\HelloWorldTrial.csproj", "{957ABC04-9FE0-426D-9FF7-8D39F92725FE}"
EndProject
Global
	GlobalSection(SolutionConfigurationPlatforms) = preSolution
		Debug|Any CPU = Debug|Any CPU
		Release|Any CPU = Release|Any CPU
	EndGlobalSection
	GlobalSection(ProjectConfigurationPlatforms) = postSolution
		{957ABC04-9FE0-426D-9FF7-8D39F92725FE}.Debug|Any CPU.ActiveCfg = Debug|Any CPU
		{957ABC04-9FE0-426D-9FF7-8D39F92725FE}.Debug|Any CPU.Build.0 = Debug|Any CPU
		{957ABC04-9FE0-426D-9FF7-8D39F92725FE}.Release|Any CPU.ActiveCfg = Release|Any CPU
		{957ABC04-9FE0-426D-9FF7-8D39F92725FE}.Release|Any CPU.Build.0 = Release|Any CPU
	EndGlobalSection
	GlobalSection(SolutionProperties) = preSolution
		HideSolutionNode = FALSE
	EndGlobalSection
EndGlobal
